
Microsoft Visual Studio Solution File, Format Version 12.00
# Visual Studio Version 16
VisualStudioVersion = 16.0.28922.388
MinimumVisualStudioVersion = 10.0.40219.1
Project("{FAE04EC0-301F-11D3-BF4B-00C04F79EFBC}") = "Caro", "Caro\Caro.csproj", "{8E6D34CE-D408-4374-B30B-311298B89243}"
EndProject
Project("{FAE04EC0-301F-11D3-BF4B-00C04F79EFBC}") = "Caro.Tests", "Caro.Tests\Caro.Tests.csproj", "{811F320C-CE84-4A20-877A-9553C9842DF5}"
EndProject
Project("{FAE04EC0-301F-11D3-BF4B-00C04F79EFBC}") = "Resources", "Resources\Resources.csproj", "{CDDA2F7F-8630-4388-985A-57C4B7C80E4E}"
EndProject
Global
	GlobalSection(SolutionConfigurationPlatforms) = preSolution
		Debug|Any CPU = Debug|Any CPU
		Release|Any CPU = Release|Any CPU
	EndGlobalSection
	GlobalSection(ProjectConfigurationPlatforms) = postSolution
		{8E6D34CE-D408-4374-B30B-311298B89243}.Debug|Any CPU.ActiveCfg = Debug|Any CPU
		{8E6D34CE-D408-4374-B30B-311298B89243}.Debug|Any CPU.Build.0 = Debug|Any CPU
		{8E6D34CE-D408-4374-B30B-311298B89243}.Release|Any CPU.ActiveCfg = Release|Any CPU
		{8E6D34CE-D408-4374-B30B-311298B89243}.Release|Any CPU.Build.0 = Release|Any CPU
		{811F320C-CE84-4A20-877A-9553C9842DF5}.Debug|Any CPU.ActiveCfg = Debug|Any CPU
		{811F320C-CE84-4A20-877A-9553C9842DF5}.Debug|Any CPU.Build.0 = Debug|Any CPU
		{811F320C-CE84-4A20-877A-9553C9842DF5}.Release|Any CPU.ActiveCfg = Release|Any CPU
		{811F320C-CE84-4A20-877A-9553C9842DF5}.Release|Any CPU.Build.0 = Release|Any CPU
		{CDDA2F7F-8630-4388-985A-57C4B7C80E4E}.Debug|Any CPU.ActiveCfg = Debug|Any CPU
		{CDDA2F7F-8630-4388-985A-57C4B7C80E4E}.Debug|Any CPU.Build.0 = Debug|Any CPU
		{CDDA2F7F-8630-4388-985A-57C4B7C80E4E}.Release|Any CPU.ActiveCfg = Release|Any CPU
		{CDDA2F7F-8630-4388-985A-57C4B7C80E4E}.Release|Any CPU.Build.0 = Release|Any CPU
	EndGlobalSection
	GlobalSection(SolutionProperties) = preSolution
		HideSolutionNode = FALSE
	EndGlobalSection
	GlobalSection(ExtensibilityGlobals) = postSolution
		SolutionGuid = {1F9A0B98-DFB1-41AA-A10B-DAEA35A6E45A}
	EndGlobalSection
EndGlobal
